
Microsoft Visual Studio Solution File, Format Version 12.00
# Visual Studio Version 16
VisualStudioVersion = 16.0.30204.135
MinimumVisualStudioVersion = 10.0.40219.1
Project("{FAE04EC0-301F-11D3-BF4B-00C04F79EFBC}") = "FriendOrganizer.UI", "FriendOrganizer.UI\FriendOrganizer.UI.csproj", "{484B0E35-4544-4999-82CF-AF1EBF964B07}"
EndProject
Project("{FAE04EC0-301F-11D3-BF4B-00C04F79EFBC}") = "FriendOrganizer.DataAccess", "FriendOrganizer.DataAccess\FriendOrganizer.DataAccess.csproj", "{B6091C38-EF6F-4A7A-882B-F411027E5B33}"
EndProject
Project("{FAE04EC0-301F-11D3-BF4B-00C04F79EFBC}") = "FriendOrganizer.Model", "FriendOrganizer.Model\FriendOrganizer.Model.csproj", "{023D52D2-514B-43E6-B108-88E8EF007080}"
EndProject
Global
	GlobalSection(SolutionConfigurationPlatforms) = preSolution
		Debug|Any CPU = Debug|Any CPU
		Release|Any CPU = Release|Any CPU
	EndGlobalSection
	GlobalSection(ProjectConfigurationPlatforms) = postSolution
		{484B0E35-4544-4999-82CF-AF1EBF964B07}.Debug|Any CPU.ActiveCfg = Debug|Any CPU
		{484B0E35-4544-4999-82CF-AF1EBF964B07}.Debug|Any CPU.Build.0 = Debug|Any CPU
		{484B0E35-4544-4999-82CF-AF1EBF964B07}.Release|Any CPU.ActiveCfg = Release|Any CPU
		{484B0E35-4544-4999-82CF-AF1EBF964B07}.Release|Any CPU.Build.0 = Release|Any CPU
		{B6091C38-EF6F-4A7A-882B-F411027E5B33}.Debug|Any CPU.ActiveCfg = Debug|Any CPU
		{B6091C38-EF6F-4A7A-882B-F411027E5B33}.Debug|Any CPU.Build.0 = Debug|Any CPU
		{B6091C38-EF6F-4A7A-882B-F411027E5B33}.Release|Any CPU.ActiveCfg = Release|Any CPU
		{B6091C38-EF6F-4A7A-882B-F411027E5B33}.Release|Any CPU.Build.0 = Release|Any CPU
		{023D52D2-514B-43E6-B108-88E8EF007080}.Debug|Any CPU.ActiveCfg = Debug|Any CPU
		{023D52D2-514B-43E6-B108-88E8EF007080}.Debug|Any CPU.Build.0 = Debug|Any CPU
		{023D52D2-514B-43E6-B108-88E8EF007080}.Release|Any CPU.ActiveCfg = Release|Any CPU
		{023D52D2-514B-43E6-B108-88E8EF007080}.Release|Any CPU.Build.0 = Release|Any CPU
	EndGlobalSection
	GlobalSection(SolutionProperties) = preSolution
		HideSolutionNode = FALSE
	EndGlobalSection
	GlobalSection(ExtensibilityGlobals) = postSolution
		SolutionGuid = {F5EAB3FF-EF76-4525-808B-27C24258F940}
	EndGlobalSection
EndGlobal
